// !$*UTF8*$!
{
	archiveVersion = 1;
	classes = {
	};
	objectVersion = 46;
	objects = {

/* Begin PBXBuildFile section */
		18B8309B1DD5711A0028651C /* AppDelegate.swift in Sources */ = {isa = PBXBuildFile; fileRef = 18B8309A1DD5711A0028651C /* AppDelegate.swift */; };
		18B8309D1DD5711A0028651C /* ViewController.swift in Sources */ = {isa = PBXBuildFile; fileRef = 18B8309C1DD5711A0028651C /* ViewController.swift */; };
		18B830A01DD5711A0028651C /* Main.storyboard in Resources */ = {isa = PBXBuildFile; fileRef = 18B8309E1DD5711A0028651C /* Main.storyboard */; };
		18B830A31DD5711A0028651C /* Ordinem.xcdatamodeld in Sources */ = {isa = PBXBuildFile; fileRef = 18B830A11DD5711A0028651C /* Ordinem.xcdatamodeld */; };
		18B830A51DD5711A0028651C /* Assets.xcassets in Resources */ = {isa = PBXBuildFile; fileRef = 18B830A41DD5711A0028651C /* Assets.xcassets */; };
		18B830A81DD5711A0028651C /* LaunchScreen.storyboard in Resources */ = {isa = PBXBuildFile; fileRef = 18B830A61DD5711A0028651C /* LaunchScreen.storyboard */; };
		18B830B31DD5711A0028651C /* OrdinemTests.swift in Sources */ = {isa = PBXBuildFile; fileRef = 18B830B21DD5711A0028651C /* OrdinemTests.swift */; };
		18B830BE1DD5711A0028651C /* OrdinemUITests.swift in Sources */ = {isa = PBXBuildFile; fileRef = 18B830BD1DD5711A0028651C /* OrdinemUITests.swift */; };
		18EAD5131DD6D4E30024BA14 /* NewOrgSignUp.swift in Sources */ = {isa = PBXBuildFile; fileRef = 18EAD5121DD6D4E30024BA14 /* NewOrgSignUp.swift */; };
		255D40CB1DD5A3290050F177 /* NewUserViewController.swift in Sources */ = {isa = PBXBuildFile; fileRef = 255D40CA1DD5A3290050F177 /* NewUserViewController.swift */; };
/* End PBXBuildFile section */

/* Begin PBXContainerItemProxy section */
		18B830AF1DD5711A0028651C /* PBXContainerItemProxy */ = {
			isa = PBXContainerItemProxy;
			containerPortal = 18B8308F1DD571190028651C /* Project object */;
			proxyType = 1;
			remoteGlobalIDString = 18B830961DD571190028651C;
			remoteInfo = Ordinem;
		};
		18B830BA1DD5711A0028651C /* PBXContainerItemProxy */ = {
			isa = PBXContainerItemProxy;
			containerPortal = 18B8308F1DD571190028651C /* Project object */;
			proxyType = 1;
			remoteGlobalIDString = 18B830961DD571190028651C;
			remoteInfo = Ordinem;
		};
/* End PBXContainerItemProxy section */

/* Begin PBXFileReference section */
		18B830971DD5711A0028651C /* Ordinem.app */ = {isa = PBXFileReference; explicitFileType = wrapper.application; includeInIndex = 0; path = Ordinem.app; sourceTree = BUILT_PRODUCTS_DIR; };
		18B8309A1DD5711A0028651C /* AppDelegate.swift */ = {isa = PBXFileReference; lastKnownFileType = sourcecode.swift; path = AppDelegate.swift; sourceTree = "<group>"; };
		18B8309C1DD5711A0028651C /* ViewController.swift */ = {isa = PBXFileReference; lastKnownFileType = sourcecode.swift; path = ViewController.swift; sourceTree = "<group>"; };
		18B8309F1DD5711A0028651C /* Base */ = {isa = PBXFileReference; lastKnownFileType = file.storyboard; name = Base; path = Base.lproj/Main.storyboard; sourceTree = "<group>"; };
		18B830A21DD5711A0028651C /* Ordinem.xcdatamodel */ = {isa = PBXFileReference; lastKnownFileType = wrapper.xcdatamodel; path = Ordinem.xcdatamodel; sourceTree = "<group>"; };
		18B830A41DD5711A0028651C /* Assets.xcassets */ = {isa = PBXFileReference; lastKnownFileType = folder.assetcatalog; path = Assets.xcassets; sourceTree = "<group>"; };
		18B830A71DD5711A0028651C /* Base */ = {isa = PBXFileReference; lastKnownFileType = file.storyboard; name = Base; path = Base.lproj/LaunchScreen.storyboard; sourceTree = "<group>"; };
		18B830A91DD5711A0028651C /* Info.plist */ = {isa = PBXFileReference; lastKnownFileType = text.plist.xml; path = Info.plist; sourceTree = "<group>"; };
		18B830AE1DD5711A0028651C /* OrdinemTests.xctest */ = {isa = PBXFileReference; explicitFileType = wrapper.cfbundle; includeInIndex = 0; path = OrdinemTests.xctest; sourceTree = BUILT_PRODUCTS_DIR; };
		18B830B21DD5711A0028651C /* OrdinemTests.swift */ = {isa = PBXFileReference; lastKnownFileType = sourcecode.swift; path = OrdinemTests.swift; sourceTree = "<group>"; };
		18B830B41DD5711A0028651C /* Info.plist */ = {isa = PBXFileReference; lastKnownFileType = text.plist.xml; path = Info.plist; sourceTree = "<group>"; };
		18B830B91DD5711A0028651C /* OrdinemUITests.xctest */ = {isa = PBXFileReference; explicitFileType = wrapper.cfbundle; includeInIndex = 0; path = OrdinemUITests.xctest; sourceTree = BUILT_PRODUCTS_DIR; };
		18B830BD1DD5711A0028651C /* OrdinemUITests.swift */ = {isa = PBXFileReference; lastKnownFileType = sourcecode.swift; path = OrdinemUITests.swift; sourceTree = "<group>"; };
		18B830BF1DD5711A0028651C /* Info.plist */ = {isa = PBXFileReference; lastKnownFileType = text.plist.xml; path = Info.plist; sourceTree = "<group>"; };
		18EAD5121DD6D4E30024BA14 /* NewOrgSignUp.swift */ = {isa = PBXFileReference; fileEncoding = 4; lastKnownFileType = sourcecode.swift; name = NewOrgSignUp.swift; path = ../NewOrgSignUp.swift; sourceTree = "<group>"; };
		255D40CA1DD5A3290050F177 /* NewUserViewController.swift */ = {isa = PBXFileReference; fileEncoding = 4; lastKnownFileType = sourcecode.swift; path = NewUserViewController.swift; sourceTree = "<group>"; };
/* End PBXFileReference section */

/* Begin PBXFrameworksBuildPhase section */
		18B830941DD571190028651C /* Frameworks */ = {
			isa = PBXFrameworksBuildPhase;
			buildActionMask = 2147483647;
			files = (
			);
			runOnlyForDeploymentPostprocessing = 0;
		};
		18B830AB1DD5711A0028651C /* Frameworks */ = {
			isa = PBXFrameworksBuildPhase;
			buildActionMask = 2147483647;
			files = (
			);
			runOnlyForDeploymentPostprocessing = 0;
		};
		18B830B61DD5711A0028651C /* Frameworks */ = {
			isa = PBXFrameworksBuildPhase;
			buildActionMask = 2147483647;
			files = (
			);
			runOnlyForDeploymentPostprocessing = 0;
		};
/* End PBXFrameworksBuildPhase section */

/* Begin PBXGroup section */
		18B8308E1DD571190028651C = {
			isa = PBXGroup;
			children = (
				18B830991DD5711A0028651C /* Ordinem */,
				18B830B11DD5711A0028651C /* OrdinemTests */,
				18B830BC1DD5711A0028651C /* OrdinemUITests */,
				18B830981DD5711A0028651C /* Products */,
			);
			sourceTree = "<group>";
		};
		18B830981DD5711A0028651C /* Products */ = {
			isa = PBXGroup;
			children = (
				18B830971DD5711A0028651C /* Ordinem.app */,
				18B830AE1DD5711A0028651C /* OrdinemTests.xctest */,
				18B830B91DD5711A0028651C /* OrdinemUITests.xctest */,
			);
			name = Products;
			sourceTree = "<group>";
		};
		18B830991DD5711A0028651C /* Ordinem */ = {
			isa = PBXGroup;
			children = (
				18B8309A1DD5711A0028651C /* AppDelegate.swift */,
				18B8309E1DD5711A0028651C /* Main.storyboard */,
				255D40CC1DD5A3300050F177 /* ViewControllers */,
				18B830A41DD5711A0028651C /* Assets.xcassets */,
				18B830A61DD5711A0028651C /* LaunchScreen.storyboard */,
				18B830A91DD5711A0028651C /* Info.plist */,
				18B830A11DD5711A0028651C /* Ordinem.xcdatamodeld */,
			);
			path = Ordinem;
			sourceTree = "<group>";
		};
		18B830B11DD5711A0028651C /* OrdinemTests */ = {
			isa = PBXGroup;
			children = (
				18B830B21DD5711A0028651C /* OrdinemTests.swift */,
				18B830B41DD5711A0028651C /* Info.plist */,
			);
			path = OrdinemTests;
			sourceTree = "<group>";
		};
		18B830BC1DD5711A0028651C /* OrdinemUITests */ = {
			isa = PBXGroup;
			children = (
				18B830BD1DD5711A0028651C /* OrdinemUITests.swift */,
				18B830BF1DD5711A0028651C /* Info.plist */,
			);
			path = OrdinemUITests;
			sourceTree = "<group>";
		};
		255D40CC1DD5A3300050F177 /* ViewControllers */ = {
			isa = PBXGroup;
			children = (
				255D40CA1DD5A3290050F177 /* NewUserViewController.swift */,
				18EAD5121DD6D4E30024BA14 /* NewOrgSignUp.swift */,
				18B8309C1DD5711A0028651C /* ViewController.swift */,
			);
			name = ViewControllers;
			sourceTree = "<group>";
		};
/* End PBXGroup section */

/* Begin PBXNativeTarget section */
		18B830961DD571190028651C /* Ordinem */ = {
			isa = PBXNativeTarget;
			buildConfigurationList = 18B830C21DD5711A0028651C /* Build configuration list for PBXNativeTarget "Ordinem" */;
			buildPhases = (
				18B830931DD571190028651C /* Sources */,
				18B830941DD571190028651C /* Frameworks */,
				18B830951DD571190028651C /* Resources */,
			);
			buildRules = (
			);
			dependencies = (
			);
			name = Ordinem;
			productName = Ordinem;
			productReference = 18B830971DD5711A0028651C /* Ordinem.app */;
			productType = "com.apple.product-type.application";
		};
		18B830AD1DD5711A0028651C /* OrdinemTests */ = {
			isa = PBXNativeTarget;
			buildConfigurationList = 18B830C51DD5711A0028651C /* Build configuration list for PBXNativeTarget "OrdinemTests" */;
			buildPhases = (
				18B830AA1DD5711A0028651C /* Sources */,
				18B830AB1DD5711A0028651C /* Frameworks */,
				18B830AC1DD5711A0028651C /* Resources */,
			);
			buildRules = (
			);
			dependencies = (
				18B830B01DD5711A0028651C /* PBXTargetDependency */,
			);
			name = OrdinemTests;
			productName = OrdinemTests;
			productReference = 18B830AE1DD5711A0028651C /* OrdinemTests.xctest */;
			productType = "com.apple.product-type.bundle.unit-test";
		};
		18B830B81DD5711A0028651C /* OrdinemUITests */ = {
			isa = PBXNativeTarget;
			buildConfigurationList = 18B830C81DD5711A0028651C /* Build configuration list for PBXNativeTarget "OrdinemUITests" */;
			buildPhases = (
				18B830B51DD5711A0028651C /* Sources */,
				18B830B61DD5711A0028651C /* Frameworks */,
				18B830B71DD5711A0028651C /* Resources */,
			);
			buildRules = (
			);
			dependencies = (
				18B830BB1DD5711A0028651C /* PBXTargetDependency */,
			);
			name = OrdinemUITests;
			productName = OrdinemUITests;
			productReference = 18B830B91DD5711A0028651C /* OrdinemUITests.xctest */;
			productType = "com.apple.product-type.bundle.ui-testing";
		};
/* End PBXNativeTarget section */

/* Begin PBXProject section */
		18B8308F1DD571190028651C /* Project object */ = {
			isa = PBXProject;
			attributes = {
				LastSwiftUpdateCheck = 0810;
				LastUpgradeCheck = 0810;
				ORGANIZATIONNAME = Ordinem;
				TargetAttributes = {
					18B830961DD571190028651C = {
						CreatedOnToolsVersion = 8.1;
						DevelopmentTeam = 42EJRMJVC5;
						ProvisioningStyle = Automatic;
					};
					18B830AD1DD5711A0028651C = {
						CreatedOnToolsVersion = 8.1;
						DevelopmentTeam = 42EJRMJVC5;
						ProvisioningStyle = Automatic;
						TestTargetID = 18B830961DD571190028651C;
					};
					18B830B81DD5711A0028651C = {
						CreatedOnToolsVersion = 8.1;
						DevelopmentTeam = 42EJRMJVC5;
						ProvisioningStyle = Automatic;
						TestTargetID = 18B830961DD571190028651C;
					};
				};
			};
			buildConfigurationList = 18B830921DD571190028651C /* Build configuration list for PBXProject "Ordinem" */;
			compatibilityVersion = "Xcode 3.2";
			developmentRegion = English;
			hasScannedForEncodings = 0;
			knownRegions = (
				en,
				Base,
			);
			mainGroup = 18B8308E1DD571190028651C;
			productRefGroup = 18B830981DD5711A0028651C /* Products */;
			projectDirPath = "";
			projectRoot = "";
			targets = (
				18B830961DD571190028651C /* Ordinem */,
				18B830AD1DD5711A0028651C /* OrdinemTests */,
				18B830B81DD5711A0028651C /* OrdinemUITests */,
			);
		};
/* End PBXProject section */

/* Begin PBXResourcesBuildPhase section */
		18B830951DD571190028651C /* Resources */ = {
			isa = PBXResourcesBuildPhase;
			buildActionMask = 2147483647;
			files = (
				18B830A81DD5711A0028651C /* LaunchScreen.storyboard in Resources */,
				18B830A51DD5711A0028651C /* Assets.xcassets in Resources */,
				18B830A01DD5711A0028651C /* Main.storyboard in Resources */,
			);
			runOnlyForDeploymentPostprocessing = 0;
		};
		18B830AC1DD5711A0028651C /* Resources */ = {
			isa = PBXResourcesBuildPhase;
			buildActionMask = 2147483647;
			files = (
			);
			runOnlyForDeploymentPostprocessing = 0;
		};
		18B830B71DD5711A0028651C /* Resources */ = {
			isa = PBXResourcesBuildPhase;
			buildActionMask = 2147483647;
			files = (
			);
			runOnlyForDeploymentPostprocessing = 0;
		};
/* End PBXResourcesBuildPhase section */

/* Begin PBXSourcesBuildPhase section */
		18B830931DD571190028651C /* Sources */ = {
			isa = PBXSourcesBuildPhase;
			buildActionMask = 2147483647;
			files = (
				18B8309D1DD5711A0028651C /* ViewController.swift in Sources */,
				18EAD5131DD6D4E30024BA14 /* NewOrgSignUp.swift in Sources */,
				18B830A31DD5711A0028651C /* Ordinem.xcdatamodeld in Sources */,
				18B8309B1DD5711A0028651C /* AppDelegate.swift in Sources */,
				255D40CB1DD5A3290050F177 /* NewUserViewController.swift in Sources */,
			);
			runOnlyForDeploymentPostprocessing = 0;
		};
		18B830AA1DD5711A0028651C /* Sources */ = {
			isa = PBXSourcesBuildPhase;
			buildActionMask = 2147483647;
			files = (
				18B830B31DD5711A0028651C /* OrdinemTests.swift in Sources */,
			);
			runOnlyForDeploymentPostprocessing = 0;
		};
		18B830B51DD5711A0028651C /* Sources */ = {
			isa = PBXSourcesBuildPhase;
			buildActionMask = 2147483647;
			files = (
				18B830BE1DD5711A0028651C /* OrdinemUITests.swift in Sources */,
			);
			runOnlyForDeploymentPostprocessing = 0;
		};
/* End PBXSourcesBuildPhase section */

/* Begin PBXTargetDependency section */
		18B830B01DD5711A0028651C /* PBXTargetDependency */ = {
			isa = PBXTargetDependency;
			target = 18B830961DD571190028651C /* Ordinem */;
			targetProxy = 18B830AF1DD5711A0028651C /* PBXContainerItemProxy */;
		};
		18B830BB1DD5711A0028651C /* PBXTargetDependency */ = {
			isa = PBXTargetDependency;
			target = 18B830961DD571190028651C /* Ordinem */;
			targetProxy = 18B830BA1DD5711A0028651C /* PBXContainerItemProxy */;
		};
/* End PBXTargetDependency section */

/* Begin PBXVariantGroup section */
		18B8309E1DD5711A0028651C /* Main.storyboard */ = {
			isa = PBXVariantGroup;
			children = (
				18B8309F1DD5711A0028651C /* Base */,
			);
			name = Main.storyboard;
			sourceTree = "<group>";
		};
		18B830A61DD5711A0028651C /* LaunchScreen.storyboard */ = {
			isa = PBXVariantGroup;
			children = (
				18B830A71DD5711A0028651C /* Base */,
			);
			name = LaunchScreen.storyboard;
			sourceTree = "<group>";
		};
/* End PBXVariantGroup section */

/* Begin XCBuildConfiguration section */
		18B830C01DD5711A0028651C /* Debug */ = {
			isa = XCBuildConfiguration;
			buildSettings = {
				ALWAYS_SEARCH_USER_PATHS = NO;
				CLANG_ANALYZER_NONNULL = YES;
				CLANG_CXX_LANGUAGE_STANDARD = "gnu++0x";
				CLANG_CXX_LIBRARY = "libc++";
				CLANG_ENABLE_MODULES = YES;
				CLANG_ENABLE_OBJC_ARC = YES;
				CLANG_WARN_BOOL_CONVERSION = YES;
				CLANG_WARN_CONSTANT_CONVERSION = YES;
				CLANG_WARN_DIRECT_OBJC_ISA_USAGE = YES_ERROR;
				CLANG_WARN_DOCUMENTATION_COMMENTS = YES;
				CLANG_WARN_EMPTY_BODY = YES;
				CLANG_WARN_ENUM_CONVERSION = YES;
				CLANG_WARN_INFINITE_RECURSION = YES;
				CLANG_WARN_INT_CONVERSION = YES;
				CLANG_WARN_OBJC_ROOT_CLASS = YES_ERROR;
				CLANG_WARN_SUSPICIOUS_MOVES = YES;
				CLANG_WARN_UNREACHABLE_CODE = YES;
				CLANG_WARN__DUPLICATE_METHOD_MATCH = YES;
				"CODE_SIGN_IDENTITY[sdk=iphoneos*]" = "iPhone Developer";
				COPY_PHASE_STRIP = NO;
				DEBUG_INFORMATION_FORMAT = dwarf;
				ENABLE_STRICT_OBJC_MSGSEND = YES;
				ENABLE_TESTABILITY = YES;
				GCC_C_LANGUAGE_STANDARD = gnu99;
				GCC_DYNAMIC_NO_PIC = NO;
				GCC_NO_COMMON_BLOCKS = YES;
				GCC_OPTIMIZATION_LEVEL = 0;
				GCC_PREPROCESSOR_DEFINITIONS = (
					"DEBUG=1",
					"$(inherited)",
				);
				GCC_WARN_64_TO_32_BIT_CONVERSION = YES;
				GCC_WARN_ABOUT_RETURN_TYPE = YES_ERROR;
				GCC_WARN_UNDECLARED_SELECTOR = YES;
				GCC_WARN_UNINITIALIZED_AUTOS = YES_AGGRESSIVE;
				GCC_WARN_UNUSED_FUNCTION = YES;
				GCC_WARN_UNUSED_VARIABLE = YES;
				IPHONEOS_DEPLOYMENT_TARGET = 10.1;
				MTL_ENABLE_DEBUG_INFO = YES;
				ONLY_ACTIVE_ARCH = YES;
				SDKROOT = iphoneos;
				SWIFT_ACTIVE_COMPILATION_CONDITIONS = DEBUG;
				SWIFT_OPTIMIZATION_LEVEL = "-Onone";
			};
			name = Debug;
		};
		18B830C11DD5711A0028651C /* Release */ = {
			isa = XCBuildConfiguration;
			buildSettings = {
				ALWAYS_SEARCH_USER_PATHS = NO;
				CLANG_ANALYZER_NONNULL = YES;
				CLANG_CXX_LANGUAGE_STANDARD = "gnu++0x";
				CLANG_CXX_LIBRARY = "libc++";
				CLANG_ENABLE_MODULES = YES;
				CLANG_ENABLE_OBJC_ARC = YES;
				CLANG_WARN_BOOL_CONVERSION = YES;
				CLANG_WARN_CONSTANT_CONVERSION = YES;
				CLANG_WARN_DIRECT_OBJC_ISA_USAGE = YES_ERROR;
				CLANG_WARN_DOCUMENTATION_COMMENTS = YES;
				CLANG_WARN_EMPTY_BODY = YES;
				CLANG_WARN_ENUM_CONVERSION = YES;
				CLANG_WARN_INFINITE_RECURSION = YES;
				CLANG_WARN_INT_CONVERSION = YES;
				CLANG_WARN_OBJC_ROOT_CLASS = YES_ERROR;
				CLANG_WARN_SUSPICIOUS_MOVES = YES;
				CLANG_WARN_UNREACHABLE_CODE = YES;
				CLANG_WARN__DUPLICATE_METHOD_MATCH = YES;
				"CODE_SIGN_IDENTITY[sdk=iphoneos*]" = "iPhone Developer";
				COPY_PHASE_STRIP = NO;
				DEBUG_INFORMATION_FORMAT = "dwarf-with-dsym";
				ENABLE_NS_ASSERTIONS = NO;
				ENABLE_STRICT_OBJC_MSGSEND = YES;
				GCC_C_LANGUAGE_STANDARD = gnu99;
				GCC_NO_COMMON_BLOCKS = YES;
				GCC_WARN_64_TO_32_BIT_CONVERSION = YES;
				GCC_WARN_ABOUT_RETURN_TYPE = YES_ERROR;
				GCC_WARN_UNDECLARED_SELECTOR = YES;
				GCC_WARN_UNINITIALIZED_AUTOS = YES_AGGRESSIVE;
				GCC_WARN_UNUSED_FUNCTION = YES;
				GCC_WARN_UNUSED_VARIABLE = YES;
				IPHONEOS_DEPLOYMENT_TARGET = 10.1;
				MTL_ENABLE_DEBUG_INFO = NO;
				SDKROOT = iphoneos;
				SWIFT_OPTIMIZATION_LEVEL = "-Owholemodule";
				VALIDATE_PRODUCT = YES;
			};
			name = Release;
		};
		18B830C31DD5711A0028651C /* Debug */ = {
			isa = XCBuildConfiguration;
			buildSettings = {
				ASSETCATALOG_COMPILER_APPICON_NAME = AppIcon;
				DEVELOPMENT_TEAM = 42EJRMJVC5;
				INFOPLIST_FILE = Ordinem/Info.plist;
				LD_RUNPATH_SEARCH_PATHS = "$(inherited) @executable_path/Frameworks";
				PRODUCT_BUNDLE_IDENTIFIER = com.DAS.Ordinem;
				PRODUCT_NAME = "$(TARGET_NAME)";
				SWIFT_VERSION = 3.0;
			};
			name = Debug;
		};
		18B830C41DD5711A0028651C /* Release */ = {
			isa = XCBuildConfiguration;
			buildSettings = {
				ASSETCATALOG_COMPILER_APPICON_NAME = AppIcon;
				DEVELOPMENT_TEAM = 42EJRMJVC5;
				INFOPLIST_FILE = Ordinem/Info.plist;
				LD_RUNPATH_SEARCH_PATHS = "$(inherited) @executable_path/Frameworks";
				PRODUCT_BUNDLE_IDENTIFIER = com.DAS.Ordinem;
				PRODUCT_NAME = "$(TARGET_NAME)";
				SWIFT_VERSION = 3.0;
			};
			name = Release;
		};
		18B830C61DD5711A0028651C /* Debug */ = {
			isa = XCBuildConfiguration;
			buildSettings = {
				ALWAYS_EMBED_SWIFT_STANDARD_LIBRARIES = YES;
				BUNDLE_LOADER = "$(TEST_HOST)";
				DEVELOPMENT_TEAM = 42EJRMJVC5;
				INFOPLIST_FILE = OrdinemTests/Info.plist;
				LD_RUNPATH_SEARCH_PATHS = "$(inherited) @executable_path/Frameworks @loader_path/Frameworks";
				PRODUCT_BUNDLE_IDENTIFIER = com.DAS.OrdinemTests;
				PRODUCT_NAME = "$(TARGET_NAME)";
				SWIFT_VERSION = 3.0;
				TEST_HOST = "$(BUILT_PRODUCTS_DIR)/Ordinem.app/Ordinem";
			};
			name = Debug;
		};
		18B830C71DD5711A0028651C /* Release */ = {
			isa = XCBuildConfiguration;
			buildSettings = {
				ALWAYS_EMBED_SWIFT_STANDARD_LIBRARIES = YES;
				BUNDLE_LOADER = "$(TEST_HOST)";
				DEVELOPMENT_TEAM = 42EJRMJVC5;
				INFOPLIST_FILE = OrdinemTests/Info.plist;
				LD_RUNPATH_SEARCH_PATHS = "$(inherited) @executable_path/Frameworks @loader_path/Frameworks";
				PRODUCT_BUNDLE_IDENTIFIER = com.DAS.OrdinemTests;
				PRODUCT_NAME = "$(TARGET_NAME)";
				SWIFT_VERSION = 3.0;
				TEST_HOST = "$(BUILT_PRODUCTS_DIR)/Ordinem.app/Ordinem";
			};
			name = Release;
		};
		18B830C91DD5711A0028651C /* Debug */ = {
			isa = XCBuildConfiguration;
			buildSettings = {
				ALWAYS_EMBED_SWIFT_STANDARD_LIBRARIES = YES;
				DEVELOPMENT_TEAM = 42EJRMJVC5;
				INFOPLIST_FILE = OrdinemUITests/Info.plist;
				LD_RUNPATH_SEARCH_PATHS = "$(inherited) @executable_path/Frameworks @loader_path/Frameworks";
				PRODUCT_BUNDLE_IDENTIFIER = com.DAS.OrdinemUITests;
				PRODUCT_NAME = "$(TARGET_NAME)";
				SWIFT_VERSION = 3.0;
				TEST_TARGET_NAME = Ordinem;
			};
			name = Debug;
		};
		18B830CA1DD5711A0028651C /* Release */ = {
			isa = XCBuildConfiguration;
			buildSettings = {
				ALWAYS_EMBED_SWIFT_STANDARD_LIBRARIES = YES;
				DEVELOPMENT_TEAM = 42EJRMJVC5;
				INFOPLIST_FILE = OrdinemUITests/Info.plist;
				LD_RUNPATH_SEARCH_PATHS = "$(inherited) @executable_path/Frameworks @loader_path/Frameworks";
				PRODUCT_BUNDLE_IDENTIFIER = com.DAS.OrdinemUITests;
				PRODUCT_NAME = "$(TARGET_NAME)";
				SWIFT_VERSION = 3.0;
				TEST_TARGET_NAME = Ordinem;
			};
			name = Release;
		};
/* End XCBuildConfiguration section */

/* Begin XCConfigurationList section */
		18B830921DD571190028651C /* Build configuration list for PBXProject "Ordinem" */ = {
			isa = XCConfigurationList;
			buildConfigurations = (
				18B830C01DD5711A0028651C /* Debug */,
				18B830C11DD5711A0028651C /* Release */,
			);
			defaultConfigurationIsVisible = 0;
			defaultConfigurationName = Release;
		};
		18B830C21DD5711A0028651C /* Build configuration list for PBXNativeTarget "Ordinem" */ = {
			isa = XCConfigurationList;
			buildConfigurations = (
				18B830C31DD5711A0028651C /* Debug */,
				18B830C41DD5711A0028651C /* Release */,
			);
			defaultConfigurationIsVisible = 0;
			defaultConfigurationName = Release;
		};
		18B830C51DD5711A0028651C /* Build configuration list for PBXNativeTarget "OrdinemTests" */ = {
			isa = XCConfigurationList;
			buildConfigurations = (
				18B830C61DD5711A0028651C /* Debug */,
				18B830C71DD5711A0028651C /* Release */,
			);
			defaultConfigurationIsVisible = 0;
			defaultConfigurationName = Release;
		};
		18B830C81DD5711A0028651C /* Build configuration list for PBXNativeTarget "OrdinemUITests" */ = {
			isa = XCConfigurationList;
			buildConfigurations = (
				18B830C91DD5711A0028651C /* Debug */,
				18B830CA1DD5711A0028651C /* Release */,
			);
			defaultConfigurationIsVisible = 0;
			defaultConfigurationName = Release;
		};
/* End XCConfigurationList section */

/* Begin XCVersionGroup section */
		18B830A11DD5711A0028651C /* Ordinem.xcdatamodeld */ = {
			isa = XCVersionGroup;
			children = (
				18B830A21DD5711A0028651C /* Ordinem.xcdatamodel */,
			);
			currentVersion = 18B830A21DD5711A0028651C /* Ordinem.xcdatamodel */;
			path = Ordinem.xcdatamodeld;
			sourceTree = "<group>";
			versionGroupType = wrapper.xcdatamodel;
		};
/* End XCVersionGroup section */
	};
	rootObject = 18B8308F1DD571190028651C /* Project object */;
}
