// !$*UTF8*$!
{
	archiveVersion = 1;
	classes = {
	};
	objectVersion = 46;
	objects = {

/* Begin PBXBuildFile section */
		18068A6A1DECB80F002706F9 /* QRCode.swift in Sources */ = {isa = PBXBuildFile; fileRef = 18068A691DECB80F002706F9 /* QRCode.swift */; };
		18068A701DECB895002706F9 /* UIImageViewExtension.swift in Sources */ = {isa = PBXBuildFile; fileRef = 18068A6D1DECB895002706F9 /* UIImageViewExtension.swift */; };
		18068A711DECB895002706F9 /* CIColorExtension.swift in Sources */ = {isa = PBXBuildFile; fileRef = 18068A6E1DECB895002706F9 /* CIColorExtension.swift */; };
		18068A731DECDC48002706F9 /* ChangePassword.swift in Sources */ = {isa = PBXBuildFile; fileRef = 18068A721DECDC48002706F9 /* ChangePassword.swift */; };
		18068A751DECDD18002706F9 /* ChangeCaption.swift in Sources */ = {isa = PBXBuildFile; fileRef = 18068A741DECDD18002706F9 /* ChangeCaption.swift */; };
		18068A771DECDD59002706F9 /* ChangeProfilePicture.swift in Sources */ = {isa = PBXBuildFile; fileRef = 18068A761DECDD59002706F9 /* ChangeProfilePicture.swift */; };
		18068A791DECE2AC002706F9 /* UserProfileController.swift in Sources */ = {isa = PBXBuildFile; fileRef = 18068A781DECE2AC002706F9 /* UserProfileController.swift */; };
		18068A7D1DED2262002706F9 /* InitialMessageTable.swift in Sources */ = {isa = PBXBuildFile; fileRef = 18068A7C1DED2262002706F9 /* InitialMessageTable.swift */; };
		181920DA1DD98E380046A4D3 /* OrgNewsFeed.swift in Sources */ = {isa = PBXBuildFile; fileRef = 181920D91DD98E380046A4D3 /* OrgNewsFeed.swift */; };
		181920DC1DDA79E10046A4D3 /* UserProfileInfo.swift in Sources */ = {isa = PBXBuildFile; fileRef = 181920DB1DDA79E10046A4D3 /* UserProfileInfo.swift */; };
		181920E01DDA7DDC0046A4D3 /* CameraForUser.swift in Sources */ = {isa = PBXBuildFile; fileRef = 181920DF1DDA7DDC0046A4D3 /* CameraForUser.swift */; };
		181920E21DDA83680046A4D3 /* UserCashTable.swift in Sources */ = {isa = PBXBuildFile; fileRef = 181920E11DDA83680046A4D3 /* UserCashTable.swift */; };
		18248D891DD79E100022A7D4 /* CreateEvent.swift in Sources */ = {isa = PBXBuildFile; fileRef = 18248D881DD79E100022A7D4 /* CreateEvent.swift */; };
		18248D8B1DD7BF650022A7D4 /* OrgDirectLoginScreen.swift in Sources */ = {isa = PBXBuildFile; fileRef = 18248D8A1DD7BF650022A7D4 /* OrgDirectLoginScreen.swift */; };
		18248D8D1DD8421E0022A7D4 /* QRScan.swift in Sources */ = {isa = PBXBuildFile; fileRef = 18248D8C1DD8421E0022A7D4 /* QRScan.swift */; };
		18248D8F1DD848290022A7D4 /* Controller in Resources */ = {isa = PBXBuildFile; fileRef = 18248D8E1DD848290022A7D4 /* Controller */; };
		182AE2DD1DDC4F140084C9F8 /* UserNewsFeed.swift in Sources */ = {isa = PBXBuildFile; fileRef = 182AE2DC1DDC4F140084C9F8 /* UserNewsFeed.swift */; };
		182F070C1DE8C7C300B2428E /* UserProfileMenu.swift in Sources */ = {isa = PBXBuildFile; fileRef = 182F070B1DE8C7C300B2428E /* UserProfileMenu.swift */; };
		182F070E1DE8E17D00B2428E /* SubscriptionDetails.swift in Sources */ = {isa = PBXBuildFile; fileRef = 182F070D1DE8E17D00B2428E /* SubscriptionDetails.swift */; };
		182F07101DE8E29100B2428E /* SubscriptionList.swift in Sources */ = {isa = PBXBuildFile; fileRef = 182F070F1DE8E29100B2428E /* SubscriptionList.swift */; };
		182F07121DEB823000B2428E /* UserProfile.swift in Sources */ = {isa = PBXBuildFile; fileRef = 182F07111DEB823000B2428E /* UserProfile.swift */; };
		182F07141DEB833300B2428E /* OrgProfile.swift in Sources */ = {isa = PBXBuildFile; fileRef = 182F07131DEB833300B2428E /* OrgProfile.swift */; };
		182F07161DEB83B500B2428E /* OrgProfileDetails.swift in Sources */ = {isa = PBXBuildFile; fileRef = 182F07151DEB83B500B2428E /* OrgProfileDetails.swift */; };
		182F07181DEB86DB00B2428E /* CircleList.swift in Sources */ = {isa = PBXBuildFile; fileRef = 182F07171DEB86DB00B2428E /* CircleList.swift */; };
		182F071A1DEB875E00B2428E /* CircleProfile.swift in Sources */ = {isa = PBXBuildFile; fileRef = 182F07191DEB875E00B2428E /* CircleProfile.swift */; };
		1866858F1DE550BE001F1AF0 /* BillingInformation.swift in Sources */ = {isa = PBXBuildFile; fileRef = 1866858E1DE550BE001F1AF0 /* BillingInformation.swift */; };
		189195F51DEBFFA400D5D4DE /* QRCodeReader.swift in Sources */ = {isa = PBXBuildFile; fileRef = 189195F41DEBFFA400D5D4DE /* QRCodeReader.swift */; };
		189195F81DEBFFFA00D5D4DE /* QRCodeReaderResult.swift in Sources */ = {isa = PBXBuildFile; fileRef = 189195F71DEBFFFA00D5D4DE /* QRCodeReaderResult.swift */; };
		189196011DEC000900D5D4DE /* QRCodeReaderView.swift in Sources */ = {isa = PBXBuildFile; fileRef = 189195F91DEC000900D5D4DE /* QRCodeReaderView.swift */; };
		189196021DEC000900D5D4DE /* QRCodeReaderViewContainer.swift in Sources */ = {isa = PBXBuildFile; fileRef = 189195FA1DEC000900D5D4DE /* QRCodeReaderViewContainer.swift */; };
		189196031DEC000900D5D4DE /* QRCodeReaderViewController.swift in Sources */ = {isa = PBXBuildFile; fileRef = 189195FB1DEC000900D5D4DE /* QRCodeReaderViewController.swift */; };
		189196041DEC000900D5D4DE /* QRCodeReaderViewControllerBuilder.swift in Sources */ = {isa = PBXBuildFile; fileRef = 189195FC1DEC000900D5D4DE /* QRCodeReaderViewControllerBuilder.swift */; };
		189196051DEC000900D5D4DE /* QRCodeReaderViewControllerDelegate.swift in Sources */ = {isa = PBXBuildFile; fileRef = 189195FD1DEC000900D5D4DE /* QRCodeReaderViewControllerDelegate.swift */; };
		189196061DEC000900D5D4DE /* ReaderOverlayView.swift in Sources */ = {isa = PBXBuildFile; fileRef = 189195FE1DEC000900D5D4DE /* ReaderOverlayView.swift */; };
		189196071DEC000900D5D4DE /* SwitchCameraButton.swift in Sources */ = {isa = PBXBuildFile; fileRef = 189195FF1DEC000900D5D4DE /* SwitchCameraButton.swift */; };
		189196081DEC000900D5D4DE /* ToggleTorchButton.swift in Sources */ = {isa = PBXBuildFile; fileRef = 189196001DEC000900D5D4DE /* ToggleTorchButton.swift */; };
		189196121DECABD200D5D4DE /* NewEventController.swift in Sources */ = {isa = PBXBuildFile; fileRef = 189196111DECABD200D5D4DE /* NewEventController.swift */; };
		18B8309B1DD5711A0028651C /* AppDelegate.swift in Sources */ = {isa = PBXBuildFile; fileRef = 18B8309A1DD5711A0028651C /* AppDelegate.swift */; };
		18B8309D1DD5711A0028651C /* ViewController.swift in Sources */ = {isa = PBXBuildFile; fileRef = 18B8309C1DD5711A0028651C /* ViewController.swift */; };
		18B830A01DD5711A0028651C /* Main.storyboard in Resources */ = {isa = PBXBuildFile; fileRef = 18B8309E1DD5711A0028651C /* Main.storyboard */; };
		18B830A31DD5711A0028651C /* Ordinem.xcdatamodeld in Sources */ = {isa = PBXBuildFile; fileRef = 18B830A11DD5711A0028651C /* Ordinem.xcdatamodeld */; };
		18B830A51DD5711A0028651C /* Assets.xcassets in Resources */ = {isa = PBXBuildFile; fileRef = 18B830A41DD5711A0028651C /* Assets.xcassets */; };
		18B830A81DD5711A0028651C /* LaunchScreen.storyboard in Resources */ = {isa = PBXBuildFile; fileRef = 18B830A61DD5711A0028651C /* LaunchScreen.storyboard */; };
		18B830B31DD5711A0028651C /* OrdinemTests.swift in Sources */ = {isa = PBXBuildFile; fileRef = 18B830B21DD5711A0028651C /* OrdinemTests.swift */; };
		18B830BE1DD5711A0028651C /* OrdinemUITests.swift in Sources */ = {isa = PBXBuildFile; fileRef = 18B830BD1DD5711A0028651C /* OrdinemUITests.swift */; };
		18C5AF111DE621720051989B /* AdminAwardController.swift in Sources */ = {isa = PBXBuildFile; fileRef = 18C5AF101DE621720051989B /* AdminAwardController.swift */; };
		18C5AF131DE62EAE0051989B /* AdminAwardVerification.swift in Sources */ = {isa = PBXBuildFile; fileRef = 18C5AF121DE62EAE0051989B /* AdminAwardVerification.swift */; };
		18C5AF151DE630680051989B /* LoginController.swift in Sources */ = {isa = PBXBuildFile; fileRef = 18C5AF141DE630680051989B /* LoginController.swift */; };
		18C5AF171DE64D3D0051989B /* VerificationController.swift in Sources */ = {isa = PBXBuildFile; fileRef = 18C5AF161DE64D3D0051989B /* VerificationController.swift */; };
		18C5AF191DE78B8A0051989B /* PointCalculatorController.swift in Sources */ = {isa = PBXBuildFile; fileRef = 18C5AF181DE78B8A0051989B /* PointCalculatorController.swift */; };
		18CED9FD1DE278B4008FBABA /* ESigAndConflictions.swift in Sources */ = {isa = PBXBuildFile; fileRef = 18CED9FC1DE278B4008FBABA /* ESigAndConflictions.swift */; };
		18CED9FF1DE2C5E5008FBABA /* AwardTableTemplateViewController.swift in Sources */ = {isa = PBXBuildFile; fileRef = 18CED9FE1DE2C5E5008FBABA /* AwardTableTemplateViewController.swift */; };
		18CEDA011DE3D189008FBABA /* PointCalculator.swift in Sources */ = {isa = PBXBuildFile; fileRef = 18CEDA001DE3D189008FBABA /* PointCalculator.swift */; };
		18EAD5131DD6D4E30024BA14 /* NewOrgSignUp.swift in Sources */ = {isa = PBXBuildFile; fileRef = 18EAD5121DD6D4E30024BA14 /* NewOrgSignUp.swift */; };
		18FD01551DE556C100071850 /* Stripe-server in Resources */ = {isa = PBXBuildFile; fileRef = 18FD01541DE556C100071850 /* Stripe-server */; };
		18FD01621DE56AA600071850 /* OrgController.swift in Sources */ = {isa = PBXBuildFile; fileRef = 18FD01611DE56AA600071850 /* OrgController.swift */; };
		18FD01641DE56D9300071850 /* UserController.swift in Sources */ = {isa = PBXBuildFile; fileRef = 18FD01631DE56D9300071850 /* UserController.swift */; };
		255D40CB1DD5A3290050F177 /* NewUserViewController.swift in Sources */ = {isa = PBXBuildFile; fileRef = 255D40CA1DD5A3290050F177 /* NewUserViewController.swift */; };
/* End PBXBuildFile section */

/* Begin PBXContainerItemProxy section */
		18B830AF1DD5711A0028651C /* PBXContainerItemProxy */ = {
			isa = PBXContainerItemProxy;
			containerPortal = 18B8308F1DD571190028651C /* Project object */;
			proxyType = 1;
			remoteGlobalIDString = 18B830961DD571190028651C;
			remoteInfo = Ordinem;
		};
		18B830BA1DD5711A0028651C /* PBXContainerItemProxy */ = {
			isa = PBXContainerItemProxy;
			containerPortal = 18B8308F1DD571190028651C /* Project object */;
			proxyType = 1;
			remoteGlobalIDString = 18B830961DD571190028651C;
			remoteInfo = Ordinem;
		};
/* End PBXContainerItemProxy section */

/* Begin PBXFileReference section */
		18068A691DECB80F002706F9 /* QRCode.swift */ = {isa = PBXFileReference; fileEncoding = 4; lastKnownFileType = sourcecode.swift; path = QRCode.swift; sourceTree = "<group>"; };
		18068A6D1DECB895002706F9 /* UIImageViewExtension.swift */ = {isa = PBXFileReference; fileEncoding = 4; lastKnownFileType = sourcecode.swift; path = UIImageViewExtension.swift; sourceTree = "<group>"; };
		18068A6E1DECB895002706F9 /* CIColorExtension.swift */ = {isa = PBXFileReference; fileEncoding = 4; lastKnownFileType = sourcecode.swift; path = CIColorExtension.swift; sourceTree = "<group>"; };
		18068A6F1DECB895002706F9 /* QRCode.h */ = {isa = PBXFileReference; fileEncoding = 4; lastKnownFileType = sourcecode.c.h; path = QRCode.h; sourceTree = "<group>"; };
		18068A721DECDC48002706F9 /* ChangePassword.swift */ = {isa = PBXFileReference; fileEncoding = 4; lastKnownFileType = sourcecode.swift; path = ChangePassword.swift; sourceTree = "<group>"; };
		18068A741DECDD18002706F9 /* ChangeCaption.swift */ = {isa = PBXFileReference; fileEncoding = 4; lastKnownFileType = sourcecode.swift; path = ChangeCaption.swift; sourceTree = "<group>"; };
		18068A761DECDD59002706F9 /* ChangeProfilePicture.swift */ = {isa = PBXFileReference; fileEncoding = 4; lastKnownFileType = sourcecode.swift; path = ChangeProfilePicture.swift; sourceTree = "<group>"; };
		18068A781DECE2AC002706F9 /* UserProfileController.swift */ = {isa = PBXFileReference; fileEncoding = 4; lastKnownFileType = sourcecode.swift; name = UserProfileController.swift; path = Controller/UserProfileController.swift; sourceTree = "<group>"; };
		18068A7C1DED2262002706F9 /* InitialMessageTable.swift */ = {isa = PBXFileReference; fileEncoding = 4; lastKnownFileType = sourcecode.swift; path = InitialMessageTable.swift; sourceTree = "<group>"; };
		181920D91DD98E380046A4D3 /* OrgNewsFeed.swift */ = {isa = PBXFileReference; fileEncoding = 4; lastKnownFileType = sourcecode.swift; name = OrgNewsFeed.swift; path = ../OrgNewsFeed.swift; sourceTree = "<group>"; };
		181920DB1DDA79E10046A4D3 /* UserProfileInfo.swift */ = {isa = PBXFileReference; fileEncoding = 4; lastKnownFileType = sourcecode.swift; name = UserProfileInfo.swift; path = ../UserProfileInfo.swift; sourceTree = "<group>"; };
		181920DF1DDA7DDC0046A4D3 /* CameraForUser.swift */ = {isa = PBXFileReference; fileEncoding = 4; lastKnownFileType = sourcecode.swift; name = CameraForUser.swift; path = ../CameraForUser.swift; sourceTree = "<group>"; };
		181920E11DDA83680046A4D3 /* UserCashTable.swift */ = {isa = PBXFileReference; fileEncoding = 4; lastKnownFileType = sourcecode.swift; path = UserCashTable.swift; sourceTree = "<group>"; };
		18248D881DD79E100022A7D4 /* CreateEvent.swift */ = {isa = PBXFileReference; fileEncoding = 4; lastKnownFileType = sourcecode.swift; name = CreateEvent.swift; path = ../CreateEvent.swift; sourceTree = "<group>"; };
		18248D8A1DD7BF650022A7D4 /* OrgDirectLoginScreen.swift */ = {isa = PBXFileReference; fileEncoding = 4; lastKnownFileType = sourcecode.swift; name = OrgDirectLoginScreen.swift; path = ../OrgDirectLoginScreen.swift; sourceTree = "<group>"; };
		18248D8C1DD8421E0022A7D4 /* QRScan.swift */ = {isa = PBXFileReference; fileEncoding = 4; lastKnownFileType = sourcecode.swift; path = QRScan.swift; sourceTree = "<group>"; };
		18248D8E1DD848290022A7D4 /* Controller */ = {isa = PBXFileReference; lastKnownFileType = folder; path = Controller; sourceTree = "<group>"; };
		182AE2DC1DDC4F140084C9F8 /* UserNewsFeed.swift */ = {isa = PBXFileReference; fileEncoding = 4; lastKnownFileType = sourcecode.swift; name = UserNewsFeed.swift; path = ../UserNewsFeed.swift; sourceTree = "<group>"; };
		182F070B1DE8C7C300B2428E /* UserProfileMenu.swift */ = {isa = PBXFileReference; fileEncoding = 4; lastKnownFileType = sourcecode.swift; name = UserProfileMenu.swift; path = Controller/UserProfileMenu.swift; sourceTree = "<group>"; };
		182F070D1DE8E17D00B2428E /* SubscriptionDetails.swift */ = {isa = PBXFileReference; fileEncoding = 4; lastKnownFileType = sourcecode.swift; name = SubscriptionDetails.swift; path = Controller/SubscriptionDetails.swift; sourceTree = "<group>"; };
		182F070F1DE8E29100B2428E /* SubscriptionList.swift */ = {isa = PBXFileReference; fileEncoding = 4; lastKnownFileType = sourcecode.swift; name = SubscriptionList.swift; path = Controller/SubscriptionList.swift; sourceTree = "<group>"; };
		182F07111DEB823000B2428E /* UserProfile.swift */ = {isa = PBXFileReference; fileEncoding = 4; lastKnownFileType = sourcecode.swift; name = UserProfile.swift; path = ../UserProfile.swift; sourceTree = "<group>"; };
		182F07131DEB833300B2428E /* OrgProfile.swift */ = {isa = PBXFileReference; fileEncoding = 4; lastKnownFileType = sourcecode.swift; name = OrgProfile.swift; path = ../OrgProfile.swift; sourceTree = "<group>"; };
		182F07151DEB83B500B2428E /* OrgProfileDetails.swift */ = {isa = PBXFileReference; fileEncoding = 4; lastKnownFileType = sourcecode.swift; name = OrgProfileDetails.swift; path = ../OrgProfileDetails.swift; sourceTree = "<group>"; };
		182F07171DEB86DB00B2428E /* CircleList.swift */ = {isa = PBXFileReference; fileEncoding = 4; lastKnownFileType = sourcecode.swift; name = CircleList.swift; path = ../CircleList.swift; sourceTree = "<group>"; };
		182F07191DEB875E00B2428E /* CircleProfile.swift */ = {isa = PBXFileReference; fileEncoding = 4; lastKnownFileType = sourcecode.swift; name = CircleProfile.swift; path = ../CircleProfile.swift; sourceTree = "<group>"; };
		1866858E1DE550BE001F1AF0 /* BillingInformation.swift */ = {isa = PBXFileReference; fileEncoding = 4; lastKnownFileType = sourcecode.swift; name = BillingInformation.swift; path = ../BillingInformation.swift; sourceTree = "<group>"; };
		189195F41DEBFFA400D5D4DE /* QRCodeReader.swift */ = {isa = PBXFileReference; fileEncoding = 4; lastKnownFileType = sourcecode.swift; path = QRCodeReader.swift; sourceTree = "<group>"; };
		189195F71DEBFFFA00D5D4DE /* QRCodeReaderResult.swift */ = {isa = PBXFileReference; fileEncoding = 4; lastKnownFileType = sourcecode.swift; path = QRCodeReaderResult.swift; sourceTree = "<group>"; };
		189195F91DEC000900D5D4DE /* QRCodeReaderView.swift */ = {isa = PBXFileReference; fileEncoding = 4; lastKnownFileType = sourcecode.swift; path = QRCodeReaderView.swift; sourceTree = "<group>"; };
		189195FA1DEC000900D5D4DE /* QRCodeReaderViewContainer.swift */ = {isa = PBXFileReference; fileEncoding = 4; lastKnownFileType = sourcecode.swift; path = QRCodeReaderViewContainer.swift; sourceTree = "<group>"; };
		189195FB1DEC000900D5D4DE /* QRCodeReaderViewController.swift */ = {isa = PBXFileReference; fileEncoding = 4; lastKnownFileType = sourcecode.swift; path = QRCodeReaderViewController.swift; sourceTree = "<group>"; };
		189195FC1DEC000900D5D4DE /* QRCodeReaderViewControllerBuilder.swift */ = {isa = PBXFileReference; fileEncoding = 4; lastKnownFileType = sourcecode.swift; path = QRCodeReaderViewControllerBuilder.swift; sourceTree = "<group>"; };
		189195FD1DEC000900D5D4DE /* QRCodeReaderViewControllerDelegate.swift */ = {isa = PBXFileReference; fileEncoding = 4; lastKnownFileType = sourcecode.swift; path = QRCodeReaderViewControllerDelegate.swift; sourceTree = "<group>"; };
		189195FE1DEC000900D5D4DE /* ReaderOverlayView.swift */ = {isa = PBXFileReference; fileEncoding = 4; lastKnownFileType = sourcecode.swift; path = ReaderOverlayView.swift; sourceTree = "<group>"; };
		189195FF1DEC000900D5D4DE /* SwitchCameraButton.swift */ = {isa = PBXFileReference; fileEncoding = 4; lastKnownFileType = sourcecode.swift; path = SwitchCameraButton.swift; sourceTree = "<group>"; };
		189196001DEC000900D5D4DE /* ToggleTorchButton.swift */ = {isa = PBXFileReference; fileEncoding = 4; lastKnownFileType = sourcecode.swift; path = ToggleTorchButton.swift; sourceTree = "<group>"; };
		189196111DECABD200D5D4DE /* NewEventController.swift */ = {isa = PBXFileReference; fileEncoding = 4; lastKnownFileType = sourcecode.swift; name = NewEventController.swift; path = Ordinem/Controller/NewEventController.swift; sourceTree = "<group>"; };
		18B830971DD5711A0028651C /* Ordinem.app */ = {isa = PBXFileReference; explicitFileType = wrapper.application; includeInIndex = 0; path = Ordinem.app; sourceTree = BUILT_PRODUCTS_DIR; };
		18B8309A1DD5711A0028651C /* AppDelegate.swift */ = {isa = PBXFileReference; lastKnownFileType = sourcecode.swift; path = AppDelegate.swift; sourceTree = "<group>"; };
		18B8309C1DD5711A0028651C /* ViewController.swift */ = {isa = PBXFileReference; lastKnownFileType = sourcecode.swift; path = ViewController.swift; sourceTree = "<group>"; };
		18B8309F1DD5711A0028651C /* Base */ = {isa = PBXFileReference; lastKnownFileType = file.storyboard; name = Base; path = Base.lproj/Main.storyboard; sourceTree = "<group>"; };
		18B830A21DD5711A0028651C /* Ordinem.xcdatamodel */ = {isa = PBXFileReference; lastKnownFileType = wrapper.xcdatamodel; path = Ordinem.xcdatamodel; sourceTree = "<group>"; };
		18B830A41DD5711A0028651C /* Assets.xcassets */ = {isa = PBXFileReference; lastKnownFileType = folder.assetcatalog; path = Assets.xcassets; sourceTree = "<group>"; };
		18B830A71DD5711A0028651C /* Base */ = {isa = PBXFileReference; lastKnownFileType = file.storyboard; name = Base; path = Base.lproj/LaunchScreen.storyboard; sourceTree = "<group>"; };
		18B830A91DD5711A0028651C /* Info.plist */ = {isa = PBXFileReference; lastKnownFileType = text.plist.xml; path = Info.plist; sourceTree = "<group>"; };
		18B830AE1DD5711A0028651C /* OrdinemTests.xctest */ = {isa = PBXFileReference; explicitFileType = wrapper.cfbundle; includeInIndex = 0; path = OrdinemTests.xctest; sourceTree = BUILT_PRODUCTS_DIR; };
		18B830B21DD5711A0028651C /* OrdinemTests.swift */ = {isa = PBXFileReference; lastKnownFileType = sourcecode.swift; path = OrdinemTests.swift; sourceTree = "<group>"; };
		18B830B41DD5711A0028651C /* Info.plist */ = {isa = PBXFileReference; lastKnownFileType = text.plist.xml; path = Info.plist; sourceTree = "<group>"; };
		18B830B91DD5711A0028651C /* OrdinemUITests.xctest */ = {isa = PBXFileReference; explicitFileType = wrapper.cfbundle; includeInIndex = 0; path = OrdinemUITests.xctest; sourceTree = BUILT_PRODUCTS_DIR; };
		18B830BD1DD5711A0028651C /* OrdinemUITests.swift */ = {isa = PBXFileReference; lastKnownFileType = sourcecode.swift; path = OrdinemUITests.swift; sourceTree = "<group>"; };
		18B830BF1DD5711A0028651C /* Info.plist */ = {isa = PBXFileReference; lastKnownFileType = text.plist.xml; path = Info.plist; sourceTree = "<group>"; };
		18C5AF101DE621720051989B /* AdminAwardController.swift */ = {isa = PBXFileReference; fileEncoding = 4; lastKnownFileType = sourcecode.swift; name = AdminAwardController.swift; path = Ordinem/Controller/AdminAwardController.swift; sourceTree = "<group>"; };
		18C5AF121DE62EAE0051989B /* AdminAwardVerification.swift */ = {isa = PBXFileReference; fileEncoding = 4; lastKnownFileType = sourcecode.swift; name = AdminAwardVerification.swift; path = Ordinem/Controller/AdminAwardVerification.swift; sourceTree = "<group>"; };
		18C5AF141DE630680051989B /* LoginController.swift */ = {isa = PBXFileReference; fileEncoding = 4; lastKnownFileType = sourcecode.swift; name = LoginController.swift; path = Ordinem/Controller/LoginController.swift; sourceTree = "<group>"; };
		18C5AF161DE64D3D0051989B /* VerificationController.swift */ = {isa = PBXFileReference; fileEncoding = 4; lastKnownFileType = sourcecode.swift; name = VerificationController.swift; path = Ordinem/Controller/VerificationController.swift; sourceTree = "<group>"; };
		18C5AF181DE78B8A0051989B /* PointCalculatorController.swift */ = {isa = PBXFileReference; fileEncoding = 4; lastKnownFileType = sourcecode.swift; name = PointCalculatorController.swift; path = Ordinem/Controller/PointCalculatorController.swift; sourceTree = "<group>"; };
		18CED9FC1DE278B4008FBABA /* ESigAndConflictions.swift */ = {isa = PBXFileReference; fileEncoding = 4; lastKnownFileType = sourcecode.swift; name = ESigAndConflictions.swift; path = ../ESigAndConflictions.swift; sourceTree = "<group>"; };
		18CED9FE1DE2C5E5008FBABA /* AwardTableTemplateViewController.swift */ = {isa = PBXFileReference; fileEncoding = 4; lastKnownFileType = sourcecode.swift; name = AwardTableTemplateViewController.swift; path = ../AwardTableTemplateViewController.swift; sourceTree = "<group>"; };
		18CEDA001DE3D189008FBABA /* PointCalculator.swift */ = {isa = PBXFileReference; fileEncoding = 4; lastKnownFileType = sourcecode.swift; name = PointCalculator.swift; path = ../PointCalculator.swift; sourceTree = "<group>"; };
		18EAD5121DD6D4E30024BA14 /* NewOrgSignUp.swift */ = {isa = PBXFileReference; fileEncoding = 4; lastKnownFileType = sourcecode.swift; name = NewOrgSignUp.swift; path = ../NewOrgSignUp.swift; sourceTree = "<group>"; };
		18FD01541DE556C100071850 /* Stripe-server */ = {isa = PBXFileReference; lastKnownFileType = folder; path = "Stripe-server"; sourceTree = "<group>"; };
		18FD01611DE56AA600071850 /* OrgController.swift */ = {isa = PBXFileReference; fileEncoding = 4; lastKnownFileType = sourcecode.swift; name = OrgController.swift; path = Ordinem/Controller/OrgController.swift; sourceTree = "<group>"; };
		18FD01631DE56D9300071850 /* UserController.swift */ = {isa = PBXFileReference; fileEncoding = 4; lastKnownFileType = sourcecode.swift; name = UserController.swift; path = Ordinem/Controller/UserController.swift; sourceTree = "<group>"; };
		255D40CA1DD5A3290050F177 /* NewUserViewController.swift */ = {isa = PBXFileReference; fileEncoding = 4; lastKnownFileType = sourcecode.swift; path = NewUserViewController.swift; sourceTree = "<group>"; };
/* End PBXFileReference section */

/* Begin PBXFrameworksBuildPhase section */
		18B830941DD571190028651C /* Frameworks */ = {
			isa = PBXFrameworksBuildPhase;
			buildActionMask = 2147483647;
			files = (
			);
			runOnlyForDeploymentPostprocessing = 0;
		};
		18B830AB1DD5711A0028651C /* Frameworks */ = {
			isa = PBXFrameworksBuildPhase;
			buildActionMask = 2147483647;
			files = (
			);
			runOnlyForDeploymentPostprocessing = 0;
		};
		18B830B61DD5711A0028651C /* Frameworks */ = {
			isa = PBXFrameworksBuildPhase;
			buildActionMask = 2147483647;
			files = (
			);
			runOnlyForDeploymentPostprocessing = 0;
		};
/* End PBXFrameworksBuildPhase section */

/* Begin PBXGroup section */
		18068A6B1DECB831002706F9 /* QRGenerator */ = {
			isa = PBXGroup;
			children = (
				18068A691DECB80F002706F9 /* QRCode.swift */,
				18068A6D1DECB895002706F9 /* UIImageViewExtension.swift */,
				18068A6E1DECB895002706F9 /* CIColorExtension.swift */,
				18068A6F1DECB895002706F9 /* QRCode.h */,
			);
			name = QRGenerator;
			sourceTree = "<group>";
		};
		18068A6C1DECB84A002706F9 /* QRReader */ = {
			isa = PBXGroup;
			children = (
				189195F41DEBFFA400D5D4DE /* QRCodeReader.swift */,
				189195F71DEBFFFA00D5D4DE /* QRCodeReaderResult.swift */,
				189195F91DEC000900D5D4DE /* QRCodeReaderView.swift */,
				189195FA1DEC000900D5D4DE /* QRCodeReaderViewContainer.swift */,
				189195FB1DEC000900D5D4DE /* QRCodeReaderViewController.swift */,
				189195FC1DEC000900D5D4DE /* QRCodeReaderViewControllerBuilder.swift */,
				189195FD1DEC000900D5D4DE /* QRCodeReaderViewControllerDelegate.swift */,
				189195FE1DEC000900D5D4DE /* ReaderOverlayView.swift */,
				189195FF1DEC000900D5D4DE /* SwitchCameraButton.swift */,
				189196001DEC000900D5D4DE /* ToggleTorchButton.swift */,
			);
			name = QRReader;
			sourceTree = "<group>";
		};
		189195F61DEBFFD600D5D4DE /* QR */ = {
			isa = PBXGroup;
			children = (
				18068A6C1DECB84A002706F9 /* QRReader */,
				18068A6B1DECB831002706F9 /* QRGenerator */,
			);
			name = QR;
			sourceTree = "<group>";
		};
		18B8308E1DD571190028651C = {
			isa = PBXGroup;
			children = (
				18068A7C1DED2262002706F9 /* InitialMessageTable.swift */,
				189195F61DEBFFD600D5D4DE /* QR */,
				18FD01561DE569A200071850 /* Controller */,
				18FD01541DE556C100071850 /* Stripe-server */,
				18B830991DD5711A0028651C /* Ordinem */,
				18B830B11DD5711A0028651C /* OrdinemTests */,
				18B830BC1DD5711A0028651C /* OrdinemUITests */,
				18B830981DD5711A0028651C /* Products */,
			);
			sourceTree = "<group>";
		};
		18B830981DD5711A0028651C /* Products */ = {
			isa = PBXGroup;
			children = (
				18B830971DD5711A0028651C /* Ordinem.app */,
				18B830AE1DD5711A0028651C /* OrdinemTests.xctest */,
				18B830B91DD5711A0028651C /* OrdinemUITests.xctest */,
			);
			name = Products;
			sourceTree = "<group>";
		};
		18B830991DD5711A0028651C /* Ordinem */ = {
			isa = PBXGroup;
			children = (
				18CED9FE1DE2C5E5008FBABA /* AwardTableTemplateViewController.swift */,
				1866858E1DE550BE001F1AF0 /* BillingInformation.swift */,
				182F07171DEB86DB00B2428E /* CircleList.swift */,
				182F07191DEB875E00B2428E /* CircleProfile.swift */,
				18CED9FC1DE278B4008FBABA /* ESigAndConflictions.swift */,
				182F07131DEB833300B2428E /* OrgProfile.swift */,
				182F07151DEB83B500B2428E /* OrgProfileDetails.swift */,
				18CEDA001DE3D189008FBABA /* PointCalculator.swift */,
				182F070D1DE8E17D00B2428E /* SubscriptionDetails.swift */,
				182F070F1DE8E29100B2428E /* SubscriptionList.swift */,
				182F07111DEB823000B2428E /* UserProfile.swift */,
				182F070B1DE8C7C300B2428E /* UserProfileMenu.swift */,
				182AE2DC1DDC4F140084C9F8 /* UserNewsFeed.swift */,
				18248D8E1DD848290022A7D4 /* Controller */,
				18B8309A1DD5711A0028651C /* AppDelegate.swift */,
				181920DF1DDA7DDC0046A4D3 /* CameraForUser.swift */,
				18248D881DD79E100022A7D4 /* CreateEvent.swift */,
				18B8309E1DD5711A0028651C /* Main.storyboard */,
				18068A721DECDC48002706F9 /* ChangePassword.swift */,
				18068A741DECDD18002706F9 /* ChangeCaption.swift */,
				18068A761DECDD59002706F9 /* ChangeProfilePicture.swift */,
				18068A781DECE2AC002706F9 /* UserProfileController.swift */,
				18EAD5121DD6D4E30024BA14 /* NewOrgSignUp.swift */,
				255D40CA1DD5A3290050F177 /* NewUserViewController.swift */,
				18248D8A1DD7BF650022A7D4 /* OrgDirectLoginScreen.swift */,
				181920D91DD98E380046A4D3 /* OrgNewsFeed.swift */,
				18248D8C1DD8421E0022A7D4 /* QRScan.swift */,
				181920E11DDA83680046A4D3 /* UserCashTable.swift */,
				181920DB1DDA79E10046A4D3 /* UserProfileInfo.swift */,
				18B8309C1DD5711A0028651C /* ViewController.swift */,
				255D40CC1DD5A3300050F177 /* ViewControllers */,
				18B830A41DD5711A0028651C /* Assets.xcassets */,
				18B830A61DD5711A0028651C /* LaunchScreen.storyboard */,
				18B830A91DD5711A0028651C /* Info.plist */,
				18B830A11DD5711A0028651C /* Ordinem.xcdatamodeld */,
			);
			path = Ordinem;
			sourceTree = "<group>";
		};
		18B830B11DD5711A0028651C /* OrdinemTests */ = {
			isa = PBXGroup;
			children = (
				18B830B21DD5711A0028651C /* OrdinemTests.swift */,
				18B830B41DD5711A0028651C /* Info.plist */,
			);
			path = OrdinemTests;
			sourceTree = "<group>";
		};
		18B830BC1DD5711A0028651C /* OrdinemUITests */ = {
			isa = PBXGroup;
			children = (
				18B830BD1DD5711A0028651C /* OrdinemUITests.swift */,
				18B830BF1DD5711A0028651C /* Info.plist */,
			);
			path = OrdinemUITests;
			sourceTree = "<group>";
		};
		18FD01561DE569A200071850 /* Controller */ = {
			isa = PBXGroup;
			children = (
				189196111DECABD200D5D4DE /* NewEventController.swift */,
				18C5AF101DE621720051989B /* AdminAwardController.swift */,
				18C5AF121DE62EAE0051989B /* AdminAwardVerification.swift */,
				18C5AF141DE630680051989B /* LoginController.swift */,
				18FD01611DE56AA600071850 /* OrgController.swift */,
				18C5AF181DE78B8A0051989B /* PointCalculatorController.swift */,
				18FD01631DE56D9300071850 /* UserController.swift */,
				18C5AF161DE64D3D0051989B /* VerificationController.swift */,
			);
			name = Controller;
			sourceTree = "<group>";
		};
		255D40CC1DD5A3300050F177 /* ViewControllers */ = {
			isa = PBXGroup;
			children = (
			);
			name = ViewControllers;
			sourceTree = "<group>";
		};
/* End PBXGroup section */

/* Begin PBXNativeTarget section */
		18B830961DD571190028651C /* Ordinem */ = {
			isa = PBXNativeTarget;
			buildConfigurationList = 18B830C21DD5711A0028651C /* Build configuration list for PBXNativeTarget "Ordinem" */;
			buildPhases = (
				18B830931DD571190028651C /* Sources */,
				18B830941DD571190028651C /* Frameworks */,
				18B830951DD571190028651C /* Resources */,
			);
			buildRules = (
			);
			dependencies = (
			);
			name = Ordinem;
			productName = Ordinem;
			productReference = 18B830971DD5711A0028651C /* Ordinem.app */;
			productType = "com.apple.product-type.application";
		};
		18B830AD1DD5711A0028651C /* OrdinemTests */ = {
			isa = PBXNativeTarget;
			buildConfigurationList = 18B830C51DD5711A0028651C /* Build configuration list for PBXNativeTarget "OrdinemTests" */;
			buildPhases = (
				18B830AA1DD5711A0028651C /* Sources */,
				18B830AB1DD5711A0028651C /* Frameworks */,
				18B830AC1DD5711A0028651C /* Resources */,
			);
			buildRules = (
			);
			dependencies = (
				18B830B01DD5711A0028651C /* PBXTargetDependency */,
			);
			name = OrdinemTests;
			productName = OrdinemTests;
			productReference = 18B830AE1DD5711A0028651C /* OrdinemTests.xctest */;
			productType = "com.apple.product-type.bundle.unit-test";
		};
		18B830B81DD5711A0028651C /* OrdinemUITests */ = {
			isa = PBXNativeTarget;
			buildConfigurationList = 18B830C81DD5711A0028651C /* Build configuration list for PBXNativeTarget "OrdinemUITests" */;
			buildPhases = (
				18B830B51DD5711A0028651C /* Sources */,
				18B830B61DD5711A0028651C /* Frameworks */,
				18B830B71DD5711A0028651C /* Resources */,
			);
			buildRules = (
			);
			dependencies = (
				18B830BB1DD5711A0028651C /* PBXTargetDependency */,
			);
			name = OrdinemUITests;
			productName = OrdinemUITests;
			productReference = 18B830B91DD5711A0028651C /* OrdinemUITests.xctest */;
			productType = "com.apple.product-type.bundle.ui-testing";
		};
/* End PBXNativeTarget section */

/* Begin PBXProject section */
		18B8308F1DD571190028651C /* Project object */ = {
			isa = PBXProject;
			attributes = {
				LastSwiftUpdateCheck = 0810;
				LastUpgradeCheck = 0810;
				ORGANIZATIONNAME = Ordinem;
				TargetAttributes = {
					18B830961DD571190028651C = {
						CreatedOnToolsVersion = 8.1;
						DevelopmentTeam = 42EJRMJVC5;
						ProvisioningStyle = Automatic;
					};
					18B830AD1DD5711A0028651C = {
						CreatedOnToolsVersion = 8.1;
						DevelopmentTeam = 42EJRMJVC5;
						ProvisioningStyle = Automatic;
						TestTargetID = 18B830961DD571190028651C;
					};
					18B830B81DD5711A0028651C = {
						CreatedOnToolsVersion = 8.1;
						DevelopmentTeam = 42EJRMJVC5;
						ProvisioningStyle = Automatic;
						TestTargetID = 18B830961DD571190028651C;
					};
				};
			};
			buildConfigurationList = 18B830921DD571190028651C /* Build configuration list for PBXProject "Ordinem" */;
			compatibilityVersion = "Xcode 3.2";
			developmentRegion = English;
			hasScannedForEncodings = 0;
			knownRegions = (
				en,
				Base,
			);
			mainGroup = 18B8308E1DD571190028651C;
			productRefGroup = 18B830981DD5711A0028651C /* Products */;
			projectDirPath = "";
			projectRoot = "";
			targets = (
				18B830961DD571190028651C /* Ordinem */,
				18B830AD1DD5711A0028651C /* OrdinemTests */,
				18B830B81DD5711A0028651C /* OrdinemUITests */,
			);
		};
/* End PBXProject section */

/* Begin PBXResourcesBuildPhase section */
		18B830951DD571190028651C /* Resources */ = {
			isa = PBXResourcesBuildPhase;
			buildActionMask = 2147483647;
			files = (
				18B830A81DD5711A0028651C /* LaunchScreen.storyboard in Resources */,
				18B830A51DD5711A0028651C /* Assets.xcassets in Resources */,
				18248D8F1DD848290022A7D4 /* Controller in Resources */,
				18FD01551DE556C100071850 /* Stripe-server in Resources */,
				18B830A01DD5711A0028651C /* Main.storyboard in Resources */,
			);
			runOnlyForDeploymentPostprocessing = 0;
		};
		18B830AC1DD5711A0028651C /* Resources */ = {
			isa = PBXResourcesBuildPhase;
			buildActionMask = 2147483647;
			files = (
			);
			runOnlyForDeploymentPostprocessing = 0;
		};
		18B830B71DD5711A0028651C /* Resources */ = {
			isa = PBXResourcesBuildPhase;
			buildActionMask = 2147483647;
			files = (
			);
			runOnlyForDeploymentPostprocessing = 0;
		};
/* End PBXResourcesBuildPhase section */

/* Begin PBXSourcesBuildPhase section */
		18B830931DD571190028651C /* Sources */ = {
			isa = PBXSourcesBuildPhase;
			buildActionMask = 2147483647;
			files = (
				18068A731DECDC48002706F9 /* ChangePassword.swift in Sources */,
				18FD01641DE56D9300071850 /* UserController.swift in Sources */,
				18068A751DECDD18002706F9 /* ChangeCaption.swift in Sources */,
				189196011DEC000900D5D4DE /* QRCodeReaderView.swift in Sources */,
				181920E21DDA83680046A4D3 /* UserCashTable.swift in Sources */,
				189196061DEC000900D5D4DE /* ReaderOverlayView.swift in Sources */,
				189195F51DEBFFA400D5D4DE /* QRCodeReader.swift in Sources */,
				18068A701DECB895002706F9 /* UIImageViewExtension.swift in Sources */,
				18068A791DECE2AC002706F9 /* UserProfileController.swift in Sources */,
				18068A6A1DECB80F002706F9 /* QRCode.swift in Sources */,
				182F07101DE8E29100B2428E /* SubscriptionList.swift in Sources */,
				18068A7D1DED2262002706F9 /* InitialMessageTable.swift in Sources */,
				18C5AF131DE62EAE0051989B /* AdminAwardVerification.swift in Sources */,
				182F07161DEB83B500B2428E /* OrgProfileDetails.swift in Sources */,
				182F070C1DE8C7C300B2428E /* UserProfileMenu.swift in Sources */,
				1866858F1DE550BE001F1AF0 /* BillingInformation.swift in Sources */,
				18C5AF111DE621720051989B /* AdminAwardController.swift in Sources */,
				189196121DECABD200D5D4DE /* NewEventController.swift in Sources */,
				18B8309D1DD5711A0028651C /* ViewController.swift in Sources */,
				189195F81DEBFFFA00D5D4DE /* QRCodeReaderResult.swift in Sources */,
				182F07121DEB823000B2428E /* UserProfile.swift in Sources */,
				18C5AF171DE64D3D0051989B /* VerificationController.swift in Sources */,
				189196051DEC000900D5D4DE /* QRCodeReaderViewControllerDelegate.swift in Sources */,
				181920DA1DD98E380046A4D3 /* OrgNewsFeed.swift in Sources */,
				18EAD5131DD6D4E30024BA14 /* NewOrgSignUp.swift in Sources */,
				189196031DEC000900D5D4DE /* QRCodeReaderViewController.swift in Sources */,
				18CEDA011DE3D189008FBABA /* PointCalculator.swift in Sources */,
				18C5AF151DE630680051989B /* LoginController.swift in Sources */,
				18068A771DECDD59002706F9 /* ChangeProfilePicture.swift in Sources */,
				18248D891DD79E100022A7D4 /* CreateEvent.swift in Sources */,
				189196071DEC000900D5D4DE /* SwitchCameraButton.swift in Sources */,
				18248D8B1DD7BF650022A7D4 /* OrgDirectLoginScreen.swift in Sources */,
				18068A711DECB895002706F9 /* CIColorExtension.swift in Sources */,
				18B830A31DD5711A0028651C /* Ordinem.xcdatamodeld in Sources */,
				181920DC1DDA79E10046A4D3 /* UserProfileInfo.swift in Sources */,
				18CED9FD1DE278B4008FBABA /* ESigAndConflictions.swift in Sources */,
				181920E01DDA7DDC0046A4D3 /* CameraForUser.swift in Sources */,
				18C5AF191DE78B8A0051989B /* PointCalculatorController.swift in Sources */,
				18B8309B1DD5711A0028651C /* AppDelegate.swift in Sources */,
				255D40CB1DD5A3290050F177 /* NewUserViewController.swift in Sources */,
				182F071A1DEB875E00B2428E /* CircleProfile.swift in Sources */,
				182F07181DEB86DB00B2428E /* CircleList.swift in Sources */,
				189196021DEC000900D5D4DE /* QRCodeReaderViewContainer.swift in Sources */,
				18FD01621DE56AA600071850 /* OrgController.swift in Sources */,
				18CED9FF1DE2C5E5008FBABA /* AwardTableTemplateViewController.swift in Sources */,
				182F070E1DE8E17D00B2428E /* SubscriptionDetails.swift in Sources */,
				182AE2DD1DDC4F140084C9F8 /* UserNewsFeed.swift in Sources */,
				182F07141DEB833300B2428E /* OrgProfile.swift in Sources */,
				189196081DEC000900D5D4DE /* ToggleTorchButton.swift in Sources */,
				189196041DEC000900D5D4DE /* QRCodeReaderViewControllerBuilder.swift in Sources */,
				18248D8D1DD8421E0022A7D4 /* QRScan.swift in Sources */,
			);
			runOnlyForDeploymentPostprocessing = 0;
		};
		18B830AA1DD5711A0028651C /* Sources */ = {
			isa = PBXSourcesBuildPhase;
			buildActionMask = 2147483647;
			files = (
				18B830B31DD5711A0028651C /* OrdinemTests.swift in Sources */,
			);
			runOnlyForDeploymentPostprocessing = 0;
		};
		18B830B51DD5711A0028651C /* Sources */ = {
			isa = PBXSourcesBuildPhase;
			buildActionMask = 2147483647;
			files = (
				18B830BE1DD5711A0028651C /* OrdinemUITests.swift in Sources */,
			);
			runOnlyForDeploymentPostprocessing = 0;
		};
/* End PBXSourcesBuildPhase section */

/* Begin PBXTargetDependency section */
		18B830B01DD5711A0028651C /* PBXTargetDependency */ = {
			isa = PBXTargetDependency;
			target = 18B830961DD571190028651C /* Ordinem */;
			targetProxy = 18B830AF1DD5711A0028651C /* PBXContainerItemProxy */;
		};
		18B830BB1DD5711A0028651C /* PBXTargetDependency */ = {
			isa = PBXTargetDependency;
			target = 18B830961DD571190028651C /* Ordinem */;
			targetProxy = 18B830BA1DD5711A0028651C /* PBXContainerItemProxy */;
		};
/* End PBXTargetDependency section */

/* Begin PBXVariantGroup section */
		18B8309E1DD5711A0028651C /* Main.storyboard */ = {
			isa = PBXVariantGroup;
			children = (
				18B8309F1DD5711A0028651C /* Base */,
			);
			name = Main.storyboard;
			sourceTree = "<group>";
		};
		18B830A61DD5711A0028651C /* LaunchScreen.storyboard */ = {
			isa = PBXVariantGroup;
			children = (
				18B830A71DD5711A0028651C /* Base */,
			);
			name = LaunchScreen.storyboard;
			sourceTree = "<group>";
		};
/* End PBXVariantGroup section */

/* Begin XCBuildConfiguration section */
		18B830C01DD5711A0028651C /* Debug */ = {
			isa = XCBuildConfiguration;
			buildSettings = {
				ALWAYS_SEARCH_USER_PATHS = NO;
				CLANG_ANALYZER_NONNULL = YES;
				CLANG_CXX_LANGUAGE_STANDARD = "gnu++0x";
				CLANG_CXX_LIBRARY = "libc++";
				CLANG_ENABLE_MODULES = YES;
				CLANG_ENABLE_OBJC_ARC = YES;
				CLANG_WARN_BOOL_CONVERSION = YES;
				CLANG_WARN_CONSTANT_CONVERSION = YES;
				CLANG_WARN_DIRECT_OBJC_ISA_USAGE = YES_ERROR;
				CLANG_WARN_DOCUMENTATION_COMMENTS = YES;
				CLANG_WARN_EMPTY_BODY = YES;
				CLANG_WARN_ENUM_CONVERSION = YES;
				CLANG_WARN_INFINITE_RECURSION = YES;
				CLANG_WARN_INT_CONVERSION = YES;
				CLANG_WARN_OBJC_ROOT_CLASS = YES_ERROR;
				CLANG_WARN_SUSPICIOUS_MOVES = YES;
				CLANG_WARN_UNREACHABLE_CODE = YES;
				CLANG_WARN__DUPLICATE_METHOD_MATCH = YES;
				"CODE_SIGN_IDENTITY[sdk=iphoneos*]" = "iPhone Developer";
				COPY_PHASE_STRIP = NO;
				DEBUG_INFORMATION_FORMAT = dwarf;
				ENABLE_STRICT_OBJC_MSGSEND = YES;
				ENABLE_TESTABILITY = YES;
				GCC_C_LANGUAGE_STANDARD = gnu99;
				GCC_DYNAMIC_NO_PIC = NO;
				GCC_NO_COMMON_BLOCKS = YES;
				GCC_OPTIMIZATION_LEVEL = 0;
				GCC_PREPROCESSOR_DEFINITIONS = (
					"DEBUG=1",
					"$(inherited)",
				);
				GCC_WARN_64_TO_32_BIT_CONVERSION = YES;
				GCC_WARN_ABOUT_RETURN_TYPE = YES_ERROR;
				GCC_WARN_UNDECLARED_SELECTOR = YES;
				GCC_WARN_UNINITIALIZED_AUTOS = YES_AGGRESSIVE;
				GCC_WARN_UNUSED_FUNCTION = YES;
				GCC_WARN_UNUSED_VARIABLE = YES;
				IPHONEOS_DEPLOYMENT_TARGET = 10.1;
				MTL_ENABLE_DEBUG_INFO = YES;
				ONLY_ACTIVE_ARCH = YES;
				SDKROOT = iphoneos;
				SWIFT_ACTIVE_COMPILATION_CONDITIONS = DEBUG;
				SWIFT_OPTIMIZATION_LEVEL = "-Onone";
			};
			name = Debug;
		};
		18B830C11DD5711A0028651C /* Release */ = {
			isa = XCBuildConfiguration;
			buildSettings = {
				ALWAYS_SEARCH_USER_PATHS = NO;
				CLANG_ANALYZER_NONNULL = YES;
				CLANG_CXX_LANGUAGE_STANDARD = "gnu++0x";
				CLANG_CXX_LIBRARY = "libc++";
				CLANG_ENABLE_MODULES = YES;
				CLANG_ENABLE_OBJC_ARC = YES;
				CLANG_WARN_BOOL_CONVERSION = YES;
				CLANG_WARN_CONSTANT_CONVERSION = YES;
				CLANG_WARN_DIRECT_OBJC_ISA_USAGE = YES_ERROR;
				CLANG_WARN_DOCUMENTATION_COMMENTS = YES;
				CLANG_WARN_EMPTY_BODY = YES;
				CLANG_WARN_ENUM_CONVERSION = YES;
				CLANG_WARN_INFINITE_RECURSION = YES;
				CLANG_WARN_INT_CONVERSION = YES;
				CLANG_WARN_OBJC_ROOT_CLASS = YES_ERROR;
				CLANG_WARN_SUSPICIOUS_MOVES = YES;
				CLANG_WARN_UNREACHABLE_CODE = YES;
				CLANG_WARN__DUPLICATE_METHOD_MATCH = YES;
				"CODE_SIGN_IDENTITY[sdk=iphoneos*]" = "iPhone Developer";
				COPY_PHASE_STRIP = NO;
				DEBUG_INFORMATION_FORMAT = "dwarf-with-dsym";
				ENABLE_NS_ASSERTIONS = NO;
				ENABLE_STRICT_OBJC_MSGSEND = YES;
				GCC_C_LANGUAGE_STANDARD = gnu99;
				GCC_NO_COMMON_BLOCKS = YES;
				GCC_WARN_64_TO_32_BIT_CONVERSION = YES;
				GCC_WARN_ABOUT_RETURN_TYPE = YES_ERROR;
				GCC_WARN_UNDECLARED_SELECTOR = YES;
				GCC_WARN_UNINITIALIZED_AUTOS = YES_AGGRESSIVE;
				GCC_WARN_UNUSED_FUNCTION = YES;
				GCC_WARN_UNUSED_VARIABLE = YES;
				IPHONEOS_DEPLOYMENT_TARGET = 10.1;
				MTL_ENABLE_DEBUG_INFO = NO;
				SDKROOT = iphoneos;
				SWIFT_OPTIMIZATION_LEVEL = "-Owholemodule";
				VALIDATE_PRODUCT = YES;
			};
			name = Release;
		};
		18B830C31DD5711A0028651C /* Debug */ = {
			isa = XCBuildConfiguration;
			buildSettings = {
				ASSETCATALOG_COMPILER_APPICON_NAME = AppIcon;
				DEVELOPMENT_TEAM = 42EJRMJVC5;
				INFOPLIST_FILE = Ordinem/Info.plist;
				LD_RUNPATH_SEARCH_PATHS = "$(inherited) @executable_path/Frameworks";
				PRODUCT_BUNDLE_IDENTIFIER = com.DAS.Ordinem;
				PRODUCT_NAME = "$(TARGET_NAME)";
				SWIFT_VERSION = 3.0;
			};
			name = Debug;
		};
		18B830C41DD5711A0028651C /* Release */ = {
			isa = XCBuildConfiguration;
			buildSettings = {
				ASSETCATALOG_COMPILER_APPICON_NAME = AppIcon;
				DEVELOPMENT_TEAM = 42EJRMJVC5;
				INFOPLIST_FILE = Ordinem/Info.plist;
				LD_RUNPATH_SEARCH_PATHS = "$(inherited) @executable_path/Frameworks";
				PRODUCT_BUNDLE_IDENTIFIER = com.DAS.Ordinem;
				PRODUCT_NAME = "$(TARGET_NAME)";
				SWIFT_VERSION = 3.0;
			};
			name = Release;
		};
		18B830C61DD5711A0028651C /* Debug */ = {
			isa = XCBuildConfiguration;
			buildSettings = {
				ALWAYS_EMBED_SWIFT_STANDARD_LIBRARIES = YES;
				BUNDLE_LOADER = "$(TEST_HOST)";
				DEVELOPMENT_TEAM = 42EJRMJVC5;
				INFOPLIST_FILE = OrdinemTests/Info.plist;
				LD_RUNPATH_SEARCH_PATHS = "$(inherited) @executable_path/Frameworks @loader_path/Frameworks";
				PRODUCT_BUNDLE_IDENTIFIER = com.DAS.OrdinemTests;
				PRODUCT_NAME = "$(TARGET_NAME)";
				SWIFT_VERSION = 3.0;
				TEST_HOST = "$(BUILT_PRODUCTS_DIR)/Ordinem.app/Ordinem";
			};
			name = Debug;
		};
		18B830C71DD5711A0028651C /* Release */ = {
			isa = XCBuildConfiguration;
			buildSettings = {
				ALWAYS_EMBED_SWIFT_STANDARD_LIBRARIES = YES;
				BUNDLE_LOADER = "$(TEST_HOST)";
				DEVELOPMENT_TEAM = 42EJRMJVC5;
				INFOPLIST_FILE = OrdinemTests/Info.plist;
				LD_RUNPATH_SEARCH_PATHS = "$(inherited) @executable_path/Frameworks @loader_path/Frameworks";
				PRODUCT_BUNDLE_IDENTIFIER = com.DAS.OrdinemTests;
				PRODUCT_NAME = "$(TARGET_NAME)";
				SWIFT_VERSION = 3.0;
				TEST_HOST = "$(BUILT_PRODUCTS_DIR)/Ordinem.app/Ordinem";
			};
			name = Release;
		};
		18B830C91DD5711A0028651C /* Debug */ = {
			isa = XCBuildConfiguration;
			buildSettings = {
				ALWAYS_EMBED_SWIFT_STANDARD_LIBRARIES = YES;
				DEVELOPMENT_TEAM = 42EJRMJVC5;
				INFOPLIST_FILE = OrdinemUITests/Info.plist;
				LD_RUNPATH_SEARCH_PATHS = "$(inherited) @executable_path/Frameworks @loader_path/Frameworks";
				PRODUCT_BUNDLE_IDENTIFIER = com.DAS.OrdinemUITests;
				PRODUCT_NAME = "$(TARGET_NAME)";
				SWIFT_VERSION = 3.0;
				TEST_TARGET_NAME = Ordinem;
			};
			name = Debug;
		};
		18B830CA1DD5711A0028651C /* Release */ = {
			isa = XCBuildConfiguration;
			buildSettings = {
				ALWAYS_EMBED_SWIFT_STANDARD_LIBRARIES = YES;
				DEVELOPMENT_TEAM = 42EJRMJVC5;
				INFOPLIST_FILE = OrdinemUITests/Info.plist;
				LD_RUNPATH_SEARCH_PATHS = "$(inherited) @executable_path/Frameworks @loader_path/Frameworks";
				PRODUCT_BUNDLE_IDENTIFIER = com.DAS.OrdinemUITests;
				PRODUCT_NAME = "$(TARGET_NAME)";
				SWIFT_VERSION = 3.0;
				TEST_TARGET_NAME = Ordinem;
			};
			name = Release;
		};
/* End XCBuildConfiguration section */

/* Begin XCConfigurationList section */
		18B830921DD571190028651C /* Build configuration list for PBXProject "Ordinem" */ = {
			isa = XCConfigurationList;
			buildConfigurations = (
				18B830C01DD5711A0028651C /* Debug */,
				18B830C11DD5711A0028651C /* Release */,
			);
			defaultConfigurationIsVisible = 0;
			defaultConfigurationName = Release;
		};
		18B830C21DD5711A0028651C /* Build configuration list for PBXNativeTarget "Ordinem" */ = {
			isa = XCConfigurationList;
			buildConfigurations = (
				18B830C31DD5711A0028651C /* Debug */,
				18B830C41DD5711A0028651C /* Release */,
			);
			defaultConfigurationIsVisible = 0;
			defaultConfigurationName = Release;
		};
		18B830C51DD5711A0028651C /* Build configuration list for PBXNativeTarget "OrdinemTests" */ = {
			isa = XCConfigurationList;
			buildConfigurations = (
				18B830C61DD5711A0028651C /* Debug */,
				18B830C71DD5711A0028651C /* Release */,
			);
			defaultConfigurationIsVisible = 0;
			defaultConfigurationName = Release;
		};
		18B830C81DD5711A0028651C /* Build configuration list for PBXNativeTarget "OrdinemUITests" */ = {
			isa = XCConfigurationList;
			buildConfigurations = (
				18B830C91DD5711A0028651C /* Debug */,
				18B830CA1DD5711A0028651C /* Release */,
			);
			defaultConfigurationIsVisible = 0;
			defaultConfigurationName = Release;
		};
/* End XCConfigurationList section */

/* Begin XCVersionGroup section */
		18B830A11DD5711A0028651C /* Ordinem.xcdatamodeld */ = {
			isa = XCVersionGroup;
			children = (
				18B830A21DD5711A0028651C /* Ordinem.xcdatamodel */,
			);
			currentVersion = 18B830A21DD5711A0028651C /* Ordinem.xcdatamodel */;
			path = Ordinem.xcdatamodeld;
			sourceTree = "<group>";
			versionGroupType = wrapper.xcdatamodel;
		};
/* End XCVersionGroup section */
	};
	rootObject = 18B8308F1DD571190028651C /* Project object */;
}
